
Microsoft Visual Studio Solution File, Format Version 12.00
# Visual Studio Version 16
VisualStudioVersion = 16.0.29509.3
MinimumVisualStudioVersion = 10.0.40219.1
Project("{FAE04EC0-301F-11D3-BF4B-00C04F79EFBC}") = "AuroraConsoleTest", "AuroraConsoleTest\AuroraConsoleTest.csproj", "{0FA64D69-A417-4455-9FB7-04056E89D594}"
EndProject
Project("{FAE04EC0-301F-11D3-BF4B-00C04F79EFBC}") = "Aurora", "..\..\AuroraAssembly\Aurora.csproj", "{E21735CA-D072-4FF7-91E2-28B9133A2C35}"
EndProject
Global
	GlobalSection(SolutionConfigurationPlatforms) = preSolution
		Debug|Any CPU = Debug|Any CPU
		Release|Any CPU = Release|Any CPU
	EndGlobalSection
	GlobalSection(ProjectConfigurationPlatforms) = postSolution
		{0FA64D69-A417-4455-9FB7-04056E89D594}.Debug|Any CPU.ActiveCfg = Debug|Any CPU
		{0FA64D69-A417-4455-9FB7-04056E89D594}.Debug|Any CPU.Build.0 = Debug|Any CPU
		{0FA64D69-A417-4455-9FB7-04056E89D594}.Release|Any CPU.ActiveCfg = Release|Any CPU
		{0FA64D69-A417-4455-9FB7-04056E89D594}.Release|Any CPU.Build.0 = Release|Any CPU
		{E21735CA-D072-4FF7-91E2-28B9133A2C35}.Debug|Any CPU.ActiveCfg = Debug|Any CPU
		{E21735CA-D072-4FF7-91E2-28B9133A2C35}.Debug|Any CPU.Build.0 = Debug|Any CPU
		{E21735CA-D072-4FF7-91E2-28B9133A2C35}.Release|Any CPU.ActiveCfg = Release|Any CPU
		{E21735CA-D072-4FF7-91E2-28B9133A2C35}.Release|Any CPU.Build.0 = Release|Any CPU
	EndGlobalSection
	GlobalSection(SolutionProperties) = preSolution
		HideSolutionNode = FALSE
	EndGlobalSection
	GlobalSection(ExtensibilityGlobals) = postSolution
		SolutionGuid = {DCB6FBAD-3D87-46F5-8C10-03F5F5D33A78}
	EndGlobalSection
EndGlobal
